
Microsoft Visual Studio Solution File, Format Version 12.00
# Visual Studio 15
VisualStudioVersion = 15.0.26430.12
MinimumVisualStudioVersion = 10.0.40219.1
Project("{8BC9CEB8-8B4A-11D0-8D11-00A0C91BC942}") = "meshlib", "meshlib\meshlib.vcxproj", "{6F578FDE-F3FF-4B7D-AD5E-F6116118B52E}"
	ProjectSection(ProjectDependencies) = postProject
		{BEC0CD2F-60CD-40E2-A89B-AB10E902F1D5} = {BEC0CD2F-60CD-40E2-A89B-AB10E902F1D5}
		{04DD4339-A004-4892-BFE8-67ECD3FFF77D} = {04DD4339-A004-4892-BFE8-67ECD3FFF77D}
	EndProjectSection
EndProject
Project("{8BC9CEB8-8B4A-11D0-8D11-00A0C91BC942}") = "Generator", "Generator\Generator.vcxproj", "{DF38AAF8-1ADD-468A-A03F-03690E9B5C68}"
	ProjectSection(ProjectDependencies) = postProject
		{BEC0CD2F-60CD-40E2-A89B-AB10E902F1D5} = {BEC0CD2F-60CD-40E2-A89B-AB10E902F1D5}
		{04DD4339-A004-4892-BFE8-67ECD3FFF77D} = {04DD4339-A004-4892-BFE8-67ECD3FFF77D}
	EndProjectSection
EndProject
Project("{8BC9CEB8-8B4A-11D0-8D11-00A0C91BC942}") = "GeneratorCGI", "GeneratorCGI\GeneratorCGI.vcxproj", "{582FE894-56E8-46AC-81F0-2370DD387DB6}"
EndProject
Project("{8BC9CEB8-8B4A-11D0-8D11-00A0C91BC942}") = "QtMeshGen", "QtMeshGen\QtMeshGen.vcxproj", "{B12702AD-ABFB-343A-A199-8E24837244A3}"
	ProjectSection(ProjectDependencies) = postProject
		{BEC0CD2F-60CD-40E2-A89B-AB10E902F1D5} = {BEC0CD2F-60CD-40E2-A89B-AB10E902F1D5}
		{04DD4339-A004-4892-BFE8-67ECD3FFF77D} = {04DD4339-A004-4892-BFE8-67ECD3FFF77D}
		{78B079BD-9FC7-4B9E-B4A6-96DA0F00248B} = {78B079BD-9FC7-4B9E-B4A6-96DA0F00248B}
		{6F578FDE-F3FF-4B7D-AD5E-F6116118B52E} = {6F578FDE-F3FF-4B7D-AD5E-F6116118B52E}
	EndProjectSection
EndProject
Project("{8BC9CEB8-8B4A-11D0-8D11-00A0C91BC942}") = "libboard", "libboard\libboard.vcxproj", "{04DD4339-A004-4892-BFE8-67ECD3FFF77D}"
EndProject
Project("{8BC9CEB8-8B4A-11D0-8D11-00A0C91BC942}") = "freetype", "freetype-2.5.2\builds\windows\vc2010\freetype.vcxproj", "{78B079BD-9FC7-4B9E-B4A6-96DA0F00248B}"
EndProject
Project("{8BC9CEB8-8B4A-11D0-8D11-00A0C91BC942}") = "dicom2mcubes", "dicom2mcubes\dicom2mcubes.vcxproj", "{1D5F4782-0000-4AEB-ADAB-385EC84B4C51}"
	ProjectSection(ProjectDependencies) = postProject
		{6F578FDE-F3FF-4B7D-AD5E-F6116118B52E} = {6F578FDE-F3FF-4B7D-AD5E-F6116118B52E}
	EndProjectSection
EndProject
Project("{8BC9CEB8-8B4A-11D0-8D11-00A0C91BC942}") = "inc", "inc\inc.vcxproj", "{BACA3718-920A-482E-96F3-B4A7358F24D5}"
EndProject
Project("{8BC9CEB8-8B4A-11D0-8D11-00A0C91BC942}") = "qmgBase", "qmgBase\qmgBase.vcxproj", "{A72504D8-8C7C-45BD-A014-E189C7A74726}"
EndProject
Project("{8BC9CEB8-8B4A-11D0-8D11-00A0C91BC942}") = "log4cplusS", "log4cplus-2.0.1\msvc14\log4cplusS.vcxproj", "{BEC0CD2F-60CD-40E2-A89B-AB10E902F1D5}"
EndProject
Global
	GlobalSection(SolutionConfigurationPlatforms) = preSolution
		Debug Multithreaded|Win32 = Debug Multithreaded|Win32
		Debug Multithreaded|x64 = Debug Multithreaded|x64
		Debug Singlethreaded|Win32 = Debug Singlethreaded|Win32
		Debug Singlethreaded|x64 = Debug Singlethreaded|x64
		Debug_Unicode|Win32 = Debug_Unicode|Win32
		Debug_Unicode|x64 = Debug_Unicode|x64
		Debug|Win32 = Debug|Win32
		Debug|x64 = Debug|x64
		Release Multithreaded|Win32 = Release Multithreaded|Win32
		Release Multithreaded|x64 = Release Multithreaded|x64
		Release Singlethreaded|Win32 = Release Singlethreaded|Win32
		Release Singlethreaded|x64 = Release Singlethreaded|x64
		Release_Unicode|Win32 = Release_Unicode|Win32
		Release_Unicode|x64 = Release_Unicode|x64
		Release|Win32 = Release|Win32
		Release|x64 = Release|x64
	EndGlobalSection
	GlobalSection(ProjectConfigurationPlatforms) = postSolution
		{6F578FDE-F3FF-4B7D-AD5E-F6116118B52E}.Debug Multithreaded|Win32.ActiveCfg = Debug|Win32
		{6F578FDE-F3FF-4B7D-AD5E-F6116118B52E}.Debug Multithreaded|Win32.Build.0 = Debug|Win32
		{6F578FDE-F3FF-4B7D-AD5E-F6116118B52E}.Debug Multithreaded|x64.ActiveCfg = Debug|Win32
		{6F578FDE-F3FF-4B7D-AD5E-F6116118B52E}.Debug Singlethreaded|Win32.ActiveCfg = Debug|Win32
		{6F578FDE-F3FF-4B7D-AD5E-F6116118B52E}.Debug Singlethreaded|Win32.Build.0 = Debug|Win32
		{6F578FDE-F3FF-4B7D-AD5E-F6116118B52E}.Debug Singlethreaded|x64.ActiveCfg = Debug|Win32
		{6F578FDE-F3FF-4B7D-AD5E-F6116118B52E}.Debug_Unicode|Win32.ActiveCfg = Debug|Win32
		{6F578FDE-F3FF-4B7D-AD5E-F6116118B52E}.Debug_Unicode|Win32.Build.0 = Debug|Win32
		{6F578FDE-F3FF-4B7D-AD5E-F6116118B52E}.Debug_Unicode|x64.ActiveCfg = Debug|x64
		{6F578FDE-F3FF-4B7D-AD5E-F6116118B52E}.Debug_Unicode|x64.Build.0 = Debug|x64
		{6F578FDE-F3FF-4B7D-AD5E-F6116118B52E}.Debug|Win32.ActiveCfg = Debug|Win32
		{6F578FDE-F3FF-4B7D-AD5E-F6116118B52E}.Debug|Win32.Build.0 = Debug|Win32
		{6F578FDE-F3FF-4B7D-AD5E-F6116118B52E}.Debug|x64.ActiveCfg = Debug|x64
		{6F578FDE-F3FF-4B7D-AD5E-F6116118B52E}.Debug|x64.Build.0 = Debug|x64
		{6F578FDE-F3FF-4B7D-AD5E-F6116118B52E}.Release Multithreaded|Win32.ActiveCfg = Release|Win32
		{6F578FDE-F3FF-4B7D-AD5E-F6116118B52E}.Release Multithreaded|Win32.Build.0 = Release|Win32
		{6F578FDE-F3FF-4B7D-AD5E-F6116118B52E}.Release Multithreaded|x64.ActiveCfg = Release|Win32
		{6F578FDE-F3FF-4B7D-AD5E-F6116118B52E}.Release Singlethreaded|Win32.ActiveCfg = Release|Win32
		{6F578FDE-F3FF-4B7D-AD5E-F6116118B52E}.Release Singlethreaded|Win32.Build.0 = Release|Win32
		{6F578FDE-F3FF-4B7D-AD5E-F6116118B52E}.Release Singlethreaded|x64.ActiveCfg = Release|Win32
		{6F578FDE-F3FF-4B7D-AD5E-F6116118B52E}.Release_Unicode|Win32.ActiveCfg = Release|Win32
		{6F578FDE-F3FF-4B7D-AD5E-F6116118B52E}.Release_Unicode|Win32.Build.0 = Release|Win32
		{6F578FDE-F3FF-4B7D-AD5E-F6116118B52E}.Release_Unicode|x64.ActiveCfg = Release|x64
		{6F578FDE-F3FF-4B7D-AD5E-F6116118B52E}.Release_Unicode|x64.Build.0 = Release|x64
		{6F578FDE-F3FF-4B7D-AD5E-F6116118B52E}.Release|Win32.ActiveCfg = Release|Win32
		{6F578FDE-F3FF-4B7D-AD5E-F6116118B52E}.Release|Win32.Build.0 = Release|Win32
		{6F578FDE-F3FF-4B7D-AD5E-F6116118B52E}.Release|x64.ActiveCfg = Release|x64
		{6F578FDE-F3FF-4B7D-AD5E-F6116118B52E}.Release|x64.Build.0 = Release|x64
		{DF38AAF8-1ADD-468A-A03F-03690E9B5C68}.Debug Multithreaded|Win32.ActiveCfg = Debug|Win32
		{DF38AAF8-1ADD-468A-A03F-03690E9B5C68}.Debug Multithreaded|Win32.Build.0 = Debug|Win32
		{DF38AAF8-1ADD-468A-A03F-03690E9B5C68}.Debug Multithreaded|x64.ActiveCfg = Debug|Win32
		{DF38AAF8-1ADD-468A-A03F-03690E9B5C68}.Debug Singlethreaded|Win32.ActiveCfg = Debug|Win32
		{DF38AAF8-1ADD-468A-A03F-03690E9B5C68}.Debug Singlethreaded|Win32.Build.0 = Debug|Win32
		{DF38AAF8-1ADD-468A-A03F-03690E9B5C68}.Debug Singlethreaded|x64.ActiveCfg = Debug|Win32
		{DF38AAF8-1ADD-468A-A03F-03690E9B5C68}.Debug_Unicode|Win32.ActiveCfg = Debug|Win32
		{DF38AAF8-1ADD-468A-A03F-03690E9B5C68}.Debug_Unicode|Win32.Build.0 = Debug|Win32
		{DF38AAF8-1ADD-468A-A03F-03690E9B5C68}.Debug_Unicode|x64.ActiveCfg = Debug|x64
		{DF38AAF8-1ADD-468A-A03F-03690E9B5C68}.Debug_Unicode|x64.Build.0 = Debug|x64
		{DF38AAF8-1ADD-468A-A03F-03690E9B5C68}.Debug|Win32.ActiveCfg = Debug|Win32
		{DF38AAF8-1ADD-468A-A03F-03690E9B5C68}.Debug|Win32.Build.0 = Debug|Win32
		{DF38AAF8-1ADD-468A-A03F-03690E9B5C68}.Debug|x64.ActiveCfg = Debug|x64
		{DF38AAF8-1ADD-468A-A03F-03690E9B5C68}.Debug|x64.Build.0 = Debug|x64
		{DF38AAF8-1ADD-468A-A03F-03690E9B5C68}.Release Multithreaded|Win32.ActiveCfg = Release|Win32
		{DF38AAF8-1ADD-468A-A03F-03690E9B5C68}.Release Multithreaded|Win32.Build.0 = Release|Win32
		{DF38AAF8-1ADD-468A-A03F-03690E9B5C68}.Release Multithreaded|x64.ActiveCfg = Release|Win32
		{DF38AAF8-1ADD-468A-A03F-03690E9B5C68}.Release Singlethreaded|Win32.ActiveCfg = Release|Win32
		{DF38AAF8-1ADD-468A-A03F-03690E9B5C68}.Release Singlethreaded|Win32.Build.0 = Release|Win32
		{DF38AAF8-1ADD-468A-A03F-03690E9B5C68}.Release Singlethreaded|x64.ActiveCfg = Release|Win32
		{DF38AAF8-1ADD-468A-A03F-03690E9B5C68}.Release_Unicode|Win32.ActiveCfg = Release|Win32
		{DF38AAF8-1ADD-468A-A03F-03690E9B5C68}.Release_Unicode|Win32.Build.0 = Release|Win32
		{DF38AAF8-1ADD-468A-A03F-03690E9B5C68}.Release_Unicode|x64.ActiveCfg = Release|x64
		{DF38AAF8-1ADD-468A-A03F-03690E9B5C68}.Release_Unicode|x64.Build.0 = Release|x64
		{DF38AAF8-1ADD-468A-A03F-03690E9B5C68}.Release|Win32.ActiveCfg = Release|Win32
		{DF38AAF8-1ADD-468A-A03F-03690E9B5C68}.Release|Win32.Build.0 = Release|Win32
		{DF38AAF8-1ADD-468A-A03F-03690E9B5C68}.Release|x64.ActiveCfg = Release|x64
		{DF38AAF8-1ADD-468A-A03F-03690E9B5C68}.Release|x64.Build.0 = Release|x64
		{582FE894-56E8-46AC-81F0-2370DD387DB6}.Debug Multithreaded|Win32.ActiveCfg = Debug|Win32
		{582FE894-56E8-46AC-81F0-2370DD387DB6}.Debug Multithreaded|Win32.Build.0 = Debug|Win32
		{582FE894-56E8-46AC-81F0-2370DD387DB6}.Debug Multithreaded|x64.ActiveCfg = Debug|Win32
		{582FE894-56E8-46AC-81F0-2370DD387DB6}.Debug Singlethreaded|Win32.ActiveCfg = Debug|Win32
		{582FE894-56E8-46AC-81F0-2370DD387DB6}.Debug Singlethreaded|Win32.Build.0 = Debug|Win32
		{582FE894-56E8-46AC-81F0-2370DD387DB6}.Debug Singlethreaded|x64.ActiveCfg = Debug|Win32
		{582FE894-56E8-46AC-81F0-2370DD387DB6}.Debug_Unicode|Win32.ActiveCfg = Debug|Win32
		{582FE894-56E8-46AC-81F0-2370DD387DB6}.Debug_Unicode|Win32.Build.0 = Debug|Win32
		{582FE894-56E8-46AC-81F0-2370DD387DB6}.Debug_Unicode|x64.ActiveCfg = Debug|x64
		{582FE894-56E8-46AC-81F0-2370DD387DB6}.Debug_Unicode|x64.Build.0 = Debug|x64
		{582FE894-56E8-46AC-81F0-2370DD387DB6}.Debug|Win32.ActiveCfg = Debug|Win32
		{582FE894-56E8-46AC-81F0-2370DD387DB6}.Debug|x64.ActiveCfg = Debug|x64
		{582FE894-56E8-46AC-81F0-2370DD387DB6}.Release Multithreaded|Win32.ActiveCfg = Release|Win32
		{582FE894-56E8-46AC-81F0-2370DD387DB6}.Release Multithreaded|Win32.Build.0 = Release|Win32
		{582FE894-56E8-46AC-81F0-2370DD387DB6}.Release Multithreaded|x64.ActiveCfg = Release|Win32
		{582FE894-56E8-46AC-81F0-2370DD387DB6}.Release Singlethreaded|Win32.ActiveCfg = Release|Win32
		{582FE894-56E8-46AC-81F0-2370DD387DB6}.Release Singlethreaded|Win32.Build.0 = Release|Win32
		{582FE894-56E8-46AC-81F0-2370DD387DB6}.Release Singlethreaded|x64.ActiveCfg = Release|Win32
		{582FE894-56E8-46AC-81F0-2370DD387DB6}.Release_Unicode|Win32.ActiveCfg = Release|Win32
		{582FE894-56E8-46AC-81F0-2370DD387DB6}.Release_Unicode|Win32.Build.0 = Release|Win32
		{582FE894-56E8-46AC-81F0-2370DD387DB6}.Release_Unicode|x64.ActiveCfg = Release|x64
		{582FE894-56E8-46AC-81F0-2370DD387DB6}.Release_Unicode|x64.Build.0 = Release|x64
		{582FE894-56E8-46AC-81F0-2370DD387DB6}.Release|Win32.ActiveCfg = Release|Win32
		{582FE894-56E8-46AC-81F0-2370DD387DB6}.Release|x64.ActiveCfg = Release|x64
		{B12702AD-ABFB-343A-A199-8E24837244A3}.Debug Multithreaded|Win32.ActiveCfg = Debug|Win32
		{B12702AD-ABFB-343A-A199-8E24837244A3}.Debug Multithreaded|Win32.Build.0 = Debug|Win32
		{B12702AD-ABFB-343A-A199-8E24837244A3}.Debug Multithreaded|x64.ActiveCfg = Debug|Win32
		{B12702AD-ABFB-343A-A199-8E24837244A3}.Debug Singlethreaded|Win32.ActiveCfg = Debug|Win32
		{B12702AD-ABFB-343A-A199-8E24837244A3}.Debug Singlethreaded|Win32.Build.0 = Debug|Win32
		{B12702AD-ABFB-343A-A199-8E24837244A3}.Debug Singlethreaded|x64.ActiveCfg = Debug|Win32
		{B12702AD-ABFB-343A-A199-8E24837244A3}.Debug_Unicode|Win32.ActiveCfg = Debug|Win32
		{B12702AD-ABFB-343A-A199-8E24837244A3}.Debug_Unicode|Win32.Build.0 = Debug|Win32
		{B12702AD-ABFB-343A-A199-8E24837244A3}.Debug_Unicode|x64.ActiveCfg = Debug|x64
		{B12702AD-ABFB-343A-A199-8E24837244A3}.Debug_Unicode|x64.Build.0 = Debug|x64
		{B12702AD-ABFB-343A-A199-8E24837244A3}.Debug|Win32.ActiveCfg = Debug|Win32
		{B12702AD-ABFB-343A-A199-8E24837244A3}.Debug|Win32.Build.0 = Debug|Win32
		{B12702AD-ABFB-343A-A199-8E24837244A3}.Debug|x64.ActiveCfg = Debug|x64
		{B12702AD-ABFB-343A-A199-8E24837244A3}.Debug|x64.Build.0 = Debug|x64
		{B12702AD-ABFB-343A-A199-8E24837244A3}.Release Multithreaded|Win32.ActiveCfg = Release|Win32
		{B12702AD-ABFB-343A-A199-8E24837244A3}.Release Multithreaded|Win32.Build.0 = Release|Win32
		{B12702AD-ABFB-343A-A199-8E24837244A3}.Release Multithreaded|x64.ActiveCfg = Release|Win32
		{B12702AD-ABFB-343A-A199-8E24837244A3}.Release Singlethreaded|Win32.ActiveCfg = Release|Win32
		{B12702AD-ABFB-343A-A199-8E24837244A3}.Release Singlethreaded|Win32.Build.0 = Release|Win32
		{B12702AD-ABFB-343A-A199-8E24837244A3}.Release Singlethreaded|x64.ActiveCfg = Release|Win32
		{B12702AD-ABFB-343A-A199-8E24837244A3}.Release_Unicode|Win32.ActiveCfg = Release|Win32
		{B12702AD-ABFB-343A-A199-8E24837244A3}.Release_Unicode|Win32.Build.0 = Release|Win32
		{B12702AD-ABFB-343A-A199-8E24837244A3}.Release_Unicode|x64.ActiveCfg = Release|x64
		{B12702AD-ABFB-343A-A199-8E24837244A3}.Release_Unicode|x64.Build.0 = Release|x64
		{B12702AD-ABFB-343A-A199-8E24837244A3}.Release|Win32.ActiveCfg = Release|Win32
		{B12702AD-ABFB-343A-A199-8E24837244A3}.Release|Win32.Build.0 = Release|Win32
		{B12702AD-ABFB-343A-A199-8E24837244A3}.Release|x64.ActiveCfg = Release|x64
		{B12702AD-ABFB-343A-A199-8E24837244A3}.Release|x64.Build.0 = Release|x64
		{04DD4339-A004-4892-BFE8-67ECD3FFF77D}.Debug Multithreaded|Win32.ActiveCfg = Debug|Win32
		{04DD4339-A004-4892-BFE8-67ECD3FFF77D}.Debug Multithreaded|Win32.Build.0 = Debug|Win32
		{04DD4339-A004-4892-BFE8-67ECD3FFF77D}.Debug Multithreaded|x64.ActiveCfg = Debug|Win32
		{04DD4339-A004-4892-BFE8-67ECD3FFF77D}.Debug Singlethreaded|Win32.ActiveCfg = Debug|Win32
		{04DD4339-A004-4892-BFE8-67ECD3FFF77D}.Debug Singlethreaded|Win32.Build.0 = Debug|Win32
		{04DD4339-A004-4892-BFE8-67ECD3FFF77D}.Debug Singlethreaded|x64.ActiveCfg = Debug|Win32
		{04DD4339-A004-4892-BFE8-67ECD3FFF77D}.Debug_Unicode|Win32.ActiveCfg = Debug|Win32
		{04DD4339-A004-4892-BFE8-67ECD3FFF77D}.Debug_Unicode|Win32.Build.0 = Debug|Win32
		{04DD4339-A004-4892-BFE8-67ECD3FFF77D}.Debug_Unicode|x64.ActiveCfg = Debug|x64
		{04DD4339-A004-4892-BFE8-67ECD3FFF77D}.Debug_Unicode|x64.Build.0 = Debug|x64
		{04DD4339-A004-4892-BFE8-67ECD3FFF77D}.Debug|Win32.ActiveCfg = Debug|Win32
		{04DD4339-A004-4892-BFE8-67ECD3FFF77D}.Debug|Win32.Build.0 = Debug|Win32
		{04DD4339-A004-4892-BFE8-67ECD3FFF77D}.Debug|x64.ActiveCfg = Debug|x64
		{04DD4339-A004-4892-BFE8-67ECD3FFF77D}.Debug|x64.Build.0 = Debug|x64
		{04DD4339-A004-4892-BFE8-67ECD3FFF77D}.Release Multithreaded|Win32.ActiveCfg = Release|Win32
		{04DD4339-A004-4892-BFE8-67ECD3FFF77D}.Release Multithreaded|Win32.Build.0 = Release|Win32
		{04DD4339-A004-4892-BFE8-67ECD3FFF77D}.Release Multithreaded|x64.ActiveCfg = Release|Win32
		{04DD4339-A004-4892-BFE8-67ECD3FFF77D}.Release Singlethreaded|Win32.ActiveCfg = Release|Win32
		{04DD4339-A004-4892-BFE8-67ECD3FFF77D}.Release Singlethreaded|Win32.Build.0 = Release|Win32
		{04DD4339-A004-4892-BFE8-67ECD3FFF77D}.Release Singlethreaded|x64.ActiveCfg = Release|Win32
		{04DD4339-A004-4892-BFE8-67ECD3FFF77D}.Release_Unicode|Win32.ActiveCfg = Release|Win32
		{04DD4339-A004-4892-BFE8-67ECD3FFF77D}.Release_Unicode|Win32.Build.0 = Release|Win32
		{04DD4339-A004-4892-BFE8-67ECD3FFF77D}.Release_Unicode|x64.ActiveCfg = Release|x64
		{04DD4339-A004-4892-BFE8-67ECD3FFF77D}.Release_Unicode|x64.Build.0 = Release|x64
		{04DD4339-A004-4892-BFE8-67ECD3FFF77D}.Release|Win32.ActiveCfg = Release|Win32
		{04DD4339-A004-4892-BFE8-67ECD3FFF77D}.Release|Win32.Build.0 = Release|Win32
		{04DD4339-A004-4892-BFE8-67ECD3FFF77D}.Release|x64.ActiveCfg = Release|x64
		{04DD4339-A004-4892-BFE8-67ECD3FFF77D}.Release|x64.Build.0 = Release|x64
		{78B079BD-9FC7-4B9E-B4A6-96DA0F00248B}.Debug Multithreaded|Win32.ActiveCfg = Debug Multithreaded|Win32
		{78B079BD-9FC7-4B9E-B4A6-96DA0F00248B}.Debug Multithreaded|Win32.Build.0 = Debug Multithreaded|Win32
		{78B079BD-9FC7-4B9E-B4A6-96DA0F00248B}.Debug Multithreaded|x64.ActiveCfg = Debug Multithreaded|x64
		{78B079BD-9FC7-4B9E-B4A6-96DA0F00248B}.Debug Multithreaded|x64.Build.0 = Debug Multithreaded|x64
		{78B079BD-9FC7-4B9E-B4A6-96DA0F00248B}.Debug Singlethreaded|Win32.ActiveCfg = Debug Singlethreaded|Win32
		{78B079BD-9FC7-4B9E-B4A6-96DA0F00248B}.Debug Singlethreaded|Win32.Build.0 = Debug Singlethreaded|Win32
		{78B079BD-9FC7-4B9E-B4A6-96DA0F00248B}.Debug Singlethreaded|x64.ActiveCfg = Debug Singlethreaded|x64
		{78B079BD-9FC7-4B9E-B4A6-96DA0F00248B}.Debug Singlethreaded|x64.Build.0 = Debug Singlethreaded|x64
		{78B079BD-9FC7-4B9E-B4A6-96DA0F00248B}.Debug_Unicode|Win32.ActiveCfg = Debug|Win32
		{78B079BD-9FC7-4B9E-B4A6-96DA0F00248B}.Debug_Unicode|Win32.Build.0 = Debug|Win32
		{78B079BD-9FC7-4B9E-B4A6-96DA0F00248B}.Debug_Unicode|x64.ActiveCfg = Debug|x64
		{78B079BD-9FC7-4B9E-B4A6-96DA0F00248B}.Debug_Unicode|x64.Build.0 = Debug|x64
		{78B079BD-9FC7-4B9E-B4A6-96DA0F00248B}.Debug|Win32.ActiveCfg = Debug|Win32
		{78B079BD-9FC7-4B9E-B4A6-96DA0F00248B}.Debug|Win32.Build.0 = Debug|Win32
		{78B079BD-9FC7-4B9E-B4A6-96DA0F00248B}.Debug|x64.ActiveCfg = Debug|x64
		{78B079BD-9FC7-4B9E-B4A6-96DA0F00248B}.Debug|x64.Build.0 = Debug|x64
		{78B079BD-9FC7-4B9E-B4A6-96DA0F00248B}.Release Multithreaded|Win32.ActiveCfg = Release Multithreaded|Win32
		{78B079BD-9FC7-4B9E-B4A6-96DA0F00248B}.Release Multithreaded|Win32.Build.0 = Release Multithreaded|Win32
		{78B079BD-9FC7-4B9E-B4A6-96DA0F00248B}.Release Multithreaded|x64.ActiveCfg = Release Multithreaded|x64
		{78B079BD-9FC7-4B9E-B4A6-96DA0F00248B}.Release Multithreaded|x64.Build.0 = Release Multithreaded|x64
		{78B079BD-9FC7-4B9E-B4A6-96DA0F00248B}.Release Singlethreaded|Win32.ActiveCfg = Release Singlethreaded|Win32
		{78B079BD-9FC7-4B9E-B4A6-96DA0F00248B}.Release Singlethreaded|Win32.Build.0 = Release Singlethreaded|Win32
		{78B079BD-9FC7-4B9E-B4A6-96DA0F00248B}.Release Singlethreaded|x64.ActiveCfg = Release Singlethreaded|x64
		{78B079BD-9FC7-4B9E-B4A6-96DA0F00248B}.Release Singlethreaded|x64.Build.0 = Release Singlethreaded|x64
		{78B079BD-9FC7-4B9E-B4A6-96DA0F00248B}.Release_Unicode|Win32.ActiveCfg = Release|Win32
		{78B079BD-9FC7-4B9E-B4A6-96DA0F00248B}.Release_Unicode|Win32.Build.0 = Release|Win32
		{78B079BD-9FC7-4B9E-B4A6-96DA0F00248B}.Release_Unicode|x64.ActiveCfg = Release|x64
		{78B079BD-9FC7-4B9E-B4A6-96DA0F00248B}.Release_Unicode|x64.Build.0 = Release|x64
		{78B079BD-9FC7-4B9E-B4A6-96DA0F00248B}.Release|Win32.ActiveCfg = Release|Win32
		{78B079BD-9FC7-4B9E-B4A6-96DA0F00248B}.Release|Win32.Build.0 = Release|Win32
		{78B079BD-9FC7-4B9E-B4A6-96DA0F00248B}.Release|x64.ActiveCfg = Release|x64
		{1D5F4782-0000-4AEB-ADAB-385EC84B4C51}.Debug Multithreaded|Win32.ActiveCfg = Debug|Win32
		{1D5F4782-0000-4AEB-ADAB-385EC84B4C51}.Debug Multithreaded|Win32.Build.0 = Debug|Win32
		{1D5F4782-0000-4AEB-ADAB-385EC84B4C51}.Debug Multithreaded|x64.ActiveCfg = Debug|x64
		{1D5F4782-0000-4AEB-ADAB-385EC84B4C51}.Debug Multithreaded|x64.Build.0 = Debug|x64
		{1D5F4782-0000-4AEB-ADAB-385EC84B4C51}.Debug Singlethreaded|Win32.ActiveCfg = Debug|Win32
		{1D5F4782-0000-4AEB-ADAB-385EC84B4C51}.Debug Singlethreaded|Win32.Build.0 = Debug|Win32
		{1D5F4782-0000-4AEB-ADAB-385EC84B4C51}.Debug Singlethreaded|x64.ActiveCfg = Debug|x64
		{1D5F4782-0000-4AEB-ADAB-385EC84B4C51}.Debug Singlethreaded|x64.Build.0 = Debug|x64
		{1D5F4782-0000-4AEB-ADAB-385EC84B4C51}.Debug_Unicode|Win32.ActiveCfg = Debug|Win32
		{1D5F4782-0000-4AEB-ADAB-385EC84B4C51}.Debug_Unicode|Win32.Build.0 = Debug|Win32
		{1D5F4782-0000-4AEB-ADAB-385EC84B4C51}.Debug_Unicode|x64.ActiveCfg = Debug|x64
		{1D5F4782-0000-4AEB-ADAB-385EC84B4C51}.Debug_Unicode|x64.Build.0 = Debug|x64
		{1D5F4782-0000-4AEB-ADAB-385EC84B4C51}.Debug|Win32.ActiveCfg = Debug|Win32
		{1D5F4782-0000-4AEB-ADAB-385EC84B4C51}.Debug|Win32.Build.0 = Debug|Win32
		{1D5F4782-0000-4AEB-ADAB-385EC84B4C51}.Debug|x64.ActiveCfg = Debug|x64
		{1D5F4782-0000-4AEB-ADAB-385EC84B4C51}.Debug|x64.Build.0 = Debug|x64
		{1D5F4782-0000-4AEB-ADAB-385EC84B4C51}.Release Multithreaded|Win32.ActiveCfg = Release|Win32
		{1D5F4782-0000-4AEB-ADAB-385EC84B4C51}.Release Multithreaded|Win32.Build.0 = Release|Win32
		{1D5F4782-0000-4AEB-ADAB-385EC84B4C51}.Release Multithreaded|x64.ActiveCfg = Release|x64
		{1D5F4782-0000-4AEB-ADAB-385EC84B4C51}.Release Multithreaded|x64.Build.0 = Release|x64
		{1D5F4782-0000-4AEB-ADAB-385EC84B4C51}.Release Singlethreaded|Win32.ActiveCfg = Release|Win32
		{1D5F4782-0000-4AEB-ADAB-385EC84B4C51}.Release Singlethreaded|Win32.Build.0 = Release|Win32
		{1D5F4782-0000-4AEB-ADAB-385EC84B4C51}.Release Singlethreaded|x64.ActiveCfg = Release|x64
		{1D5F4782-0000-4AEB-ADAB-385EC84B4C51}.Release Singlethreaded|x64.Build.0 = Release|x64
		{1D5F4782-0000-4AEB-ADAB-385EC84B4C51}.Release_Unicode|Win32.ActiveCfg = Release|Win32
		{1D5F4782-0000-4AEB-ADAB-385EC84B4C51}.Release_Unicode|Win32.Build.0 = Release|Win32
		{1D5F4782-0000-4AEB-ADAB-385EC84B4C51}.Release_Unicode|x64.ActiveCfg = Release|x64
		{1D5F4782-0000-4AEB-ADAB-385EC84B4C51}.Release_Unicode|x64.Build.0 = Release|x64
		{1D5F4782-0000-4AEB-ADAB-385EC84B4C51}.Release|Win32.ActiveCfg = Release|Win32
		{1D5F4782-0000-4AEB-ADAB-385EC84B4C51}.Release|Win32.Build.0 = Release|Win32
		{1D5F4782-0000-4AEB-ADAB-385EC84B4C51}.Release|x64.ActiveCfg = Release|x64
		{1D5F4782-0000-4AEB-ADAB-385EC84B4C51}.Release|x64.Build.0 = Release|x64
		{BACA3718-920A-482E-96F3-B4A7358F24D5}.Debug Multithreaded|Win32.ActiveCfg = Debug|Win32
		{BACA3718-920A-482E-96F3-B4A7358F24D5}.Debug Multithreaded|Win32.Build.0 = Debug|Win32
		{BACA3718-920A-482E-96F3-B4A7358F24D5}.Debug Multithreaded|x64.ActiveCfg = Debug|x64
		{BACA3718-920A-482E-96F3-B4A7358F24D5}.Debug Multithreaded|x64.Build.0 = Debug|x64
		{BACA3718-920A-482E-96F3-B4A7358F24D5}.Debug Singlethreaded|Win32.ActiveCfg = Debug|Win32
		{BACA3718-920A-482E-96F3-B4A7358F24D5}.Debug Singlethreaded|Win32.Build.0 = Debug|Win32
		{BACA3718-920A-482E-96F3-B4A7358F24D5}.Debug Singlethreaded|x64.ActiveCfg = Debug|x64
		{BACA3718-920A-482E-96F3-B4A7358F24D5}.Debug Singlethreaded|x64.Build.0 = Debug|x64
		{BACA3718-920A-482E-96F3-B4A7358F24D5}.Debug_Unicode|Win32.ActiveCfg = Debug|Win32
		{BACA3718-920A-482E-96F3-B4A7358F24D5}.Debug_Unicode|Win32.Build.0 = Debug|Win32
		{BACA3718-920A-482E-96F3-B4A7358F24D5}.Debug_Unicode|x64.ActiveCfg = Debug|x64
		{BACA3718-920A-482E-96F3-B4A7358F24D5}.Debug_Unicode|x64.Build.0 = Debug|x64
		{BACA3718-920A-482E-96F3-B4A7358F24D5}.Debug|Win32.ActiveCfg = Debug|Win32
		{BACA3718-920A-482E-96F3-B4A7358F24D5}.Debug|Win32.Build.0 = Debug|Win32
		{BACA3718-920A-482E-96F3-B4A7358F24D5}.Debug|x64.ActiveCfg = Debug|x64
		{BACA3718-920A-482E-96F3-B4A7358F24D5}.Debug|x64.Build.0 = Debug|x64
		{BACA3718-920A-482E-96F3-B4A7358F24D5}.Release Multithreaded|Win32.ActiveCfg = Release|Win32
		{BACA3718-920A-482E-96F3-B4A7358F24D5}.Release Multithreaded|Win32.Build.0 = Release|Win32
		{BACA3718-920A-482E-96F3-B4A7358F24D5}.Release Multithreaded|x64.ActiveCfg = Release|x64
		{BACA3718-920A-482E-96F3-B4A7358F24D5}.Release Multithreaded|x64.Build.0 = Release|x64
		{BACA3718-920A-482E-96F3-B4A7358F24D5}.Release Singlethreaded|Win32.ActiveCfg = Release|Win32
		{BACA3718-920A-482E-96F3-B4A7358F24D5}.Release Singlethreaded|Win32.Build.0 = Release|Win32
		{BACA3718-920A-482E-96F3-B4A7358F24D5}.Release Singlethreaded|x64.ActiveCfg = Release|x64
		{BACA3718-920A-482E-96F3-B4A7358F24D5}.Release Singlethreaded|x64.Build.0 = Release|x64
		{BACA3718-920A-482E-96F3-B4A7358F24D5}.Release_Unicode|Win32.ActiveCfg = Release|Win32
		{BACA3718-920A-482E-96F3-B4A7358F24D5}.Release_Unicode|Win32.Build.0 = Release|Win32
		{BACA3718-920A-482E-96F3-B4A7358F24D5}.Release_Unicode|x64.ActiveCfg = Release|x64
		{BACA3718-920A-482E-96F3-B4A7358F24D5}.Release_Unicode|x64.Build.0 = Release|x64
		{BACA3718-920A-482E-96F3-B4A7358F24D5}.Release|Win32.ActiveCfg = Release|Win32
		{BACA3718-920A-482E-96F3-B4A7358F24D5}.Release|Win32.Build.0 = Release|Win32
		{BACA3718-920A-482E-96F3-B4A7358F24D5}.Release|x64.ActiveCfg = Release|x64
		{BACA3718-920A-482E-96F3-B4A7358F24D5}.Release|x64.Build.0 = Release|x64
		{A72504D8-8C7C-45BD-A014-E189C7A74726}.Debug Multithreaded|Win32.ActiveCfg = Debug|Win32
		{A72504D8-8C7C-45BD-A014-E189C7A74726}.Debug Multithreaded|Win32.Build.0 = Debug|Win32
		{A72504D8-8C7C-45BD-A014-E189C7A74726}.Debug Multithreaded|x64.ActiveCfg = Debug|x64
		{A72504D8-8C7C-45BD-A014-E189C7A74726}.Debug Multithreaded|x64.Build.0 = Debug|x64
		{A72504D8-8C7C-45BD-A014-E189C7A74726}.Debug Singlethreaded|Win32.ActiveCfg = Debug|Win32
		{A72504D8-8C7C-45BD-A014-E189C7A74726}.Debug Singlethreaded|Win32.Build.0 = Debug|Win32
		{A72504D8-8C7C-45BD-A014-E189C7A74726}.Debug Singlethreaded|x64.ActiveCfg = Debug|x64
		{A72504D8-8C7C-45BD-A014-E189C7A74726}.Debug Singlethreaded|x64.Build.0 = Debug|x64
		{A72504D8-8C7C-45BD-A014-E189C7A74726}.Debug_Unicode|Win32.ActiveCfg = Debug|Win32
		{A72504D8-8C7C-45BD-A014-E189C7A74726}.Debug_Unicode|Win32.Build.0 = Debug|Win32
		{A72504D8-8C7C-45BD-A014-E189C7A74726}.Debug_Unicode|x64.ActiveCfg = Debug|x64
		{A72504D8-8C7C-45BD-A014-E189C7A74726}.Debug_Unicode|x64.Build.0 = Debug|x64
		{A72504D8-8C7C-45BD-A014-E189C7A74726}.Debug|Win32.ActiveCfg = Debug|Win32
		{A72504D8-8C7C-45BD-A014-E189C7A74726}.Debug|Win32.Build.0 = Debug|Win32
		{A72504D8-8C7C-45BD-A014-E189C7A74726}.Debug|x64.ActiveCfg = Debug|x64
		{A72504D8-8C7C-45BD-A014-E189C7A74726}.Debug|x64.Build.0 = Debug|x64
		{A72504D8-8C7C-45BD-A014-E189C7A74726}.Release Multithreaded|Win32.ActiveCfg = Release|Win32
		{A72504D8-8C7C-45BD-A014-E189C7A74726}.Release Multithreaded|Win32.Build.0 = Release|Win32
		{A72504D8-8C7C-45BD-A014-E189C7A74726}.Release Multithreaded|x64.ActiveCfg = Release|x64
		{A72504D8-8C7C-45BD-A014-E189C7A74726}.Release Multithreaded|x64.Build.0 = Release|x64
		{A72504D8-8C7C-45BD-A014-E189C7A74726}.Release Singlethreaded|Win32.ActiveCfg = Release|Win32
		{A72504D8-8C7C-45BD-A014-E189C7A74726}.Release Singlethreaded|Win32.Build.0 = Release|Win32
		{A72504D8-8C7C-45BD-A014-E189C7A74726}.Release Singlethreaded|x64.ActiveCfg = Release|x64
		{A72504D8-8C7C-45BD-A014-E189C7A74726}.Release Singlethreaded|x64.Build.0 = Release|x64
		{A72504D8-8C7C-45BD-A014-E189C7A74726}.Release_Unicode|Win32.ActiveCfg = Release|Win32
		{A72504D8-8C7C-45BD-A014-E189C7A74726}.Release_Unicode|Win32.Build.0 = Release|Win32
		{A72504D8-8C7C-45BD-A014-E189C7A74726}.Release_Unicode|x64.ActiveCfg = Release|x64
		{A72504D8-8C7C-45BD-A014-E189C7A74726}.Release_Unicode|x64.Build.0 = Release|x64
		{A72504D8-8C7C-45BD-A014-E189C7A74726}.Release|Win32.ActiveCfg = Release|Win32
		{A72504D8-8C7C-45BD-A014-E189C7A74726}.Release|Win32.Build.0 = Release|Win32
		{A72504D8-8C7C-45BD-A014-E189C7A74726}.Release|x64.ActiveCfg = Release|x64
		{A72504D8-8C7C-45BD-A014-E189C7A74726}.Release|x64.Build.0 = Release|x64
		{BEC0CD2F-60CD-40E2-A89B-AB10E902F1D5}.Debug Multithreaded|Win32.ActiveCfg = Debug_Unicode|Win32
		{BEC0CD2F-60CD-40E2-A89B-AB10E902F1D5}.Debug Multithreaded|Win32.Build.0 = Debug_Unicode|Win32
		{BEC0CD2F-60CD-40E2-A89B-AB10E902F1D5}.Debug Multithreaded|x64.ActiveCfg = Debug|x64
		{BEC0CD2F-60CD-40E2-A89B-AB10E902F1D5}.Debug Multithreaded|x64.Build.0 = Debug|x64
		{BEC0CD2F-60CD-40E2-A89B-AB10E902F1D5}.Debug Singlethreaded|Win32.ActiveCfg = Debug_Unicode|Win32
		{BEC0CD2F-60CD-40E2-A89B-AB10E902F1D5}.Debug Singlethreaded|Win32.Build.0 = Debug_Unicode|Win32
		{BEC0CD2F-60CD-40E2-A89B-AB10E902F1D5}.Debug Singlethreaded|x64.ActiveCfg = Debug|x64
		{BEC0CD2F-60CD-40E2-A89B-AB10E902F1D5}.Debug Singlethreaded|x64.Build.0 = Debug|x64
		{BEC0CD2F-60CD-40E2-A89B-AB10E902F1D5}.Debug_Unicode|Win32.ActiveCfg = Debug_Unicode|Win32
		{BEC0CD2F-60CD-40E2-A89B-AB10E902F1D5}.Debug_Unicode|Win32.Build.0 = Debug_Unicode|Win32
		{BEC0CD2F-60CD-40E2-A89B-AB10E902F1D5}.Debug_Unicode|x64.ActiveCfg = Debug_Unicode|x64
		{BEC0CD2F-60CD-40E2-A89B-AB10E902F1D5}.Debug_Unicode|x64.Build.0 = Debug_Unicode|x64
		{BEC0CD2F-60CD-40E2-A89B-AB10E902F1D5}.Debug|Win32.ActiveCfg = Debug|Win32
		{BEC0CD2F-60CD-40E2-A89B-AB10E902F1D5}.Debug|Win32.Build.0 = Debug|Win32
		{BEC0CD2F-60CD-40E2-A89B-AB10E902F1D5}.Debug|x64.ActiveCfg = Debug|x64
		{BEC0CD2F-60CD-40E2-A89B-AB10E902F1D5}.Debug|x64.Build.0 = Debug|x64
		{BEC0CD2F-60CD-40E2-A89B-AB10E902F1D5}.Release Multithreaded|Win32.ActiveCfg = Release|Win32
		{BEC0CD2F-60CD-40E2-A89B-AB10E902F1D5}.Release Multithreaded|Win32.Build.0 = Release|Win32
		{BEC0CD2F-60CD-40E2-A89B-AB10E902F1D5}.Release Multithreaded|x64.ActiveCfg = Release|x64
		{BEC0CD2F-60CD-40E2-A89B-AB10E902F1D5}.Release Multithreaded|x64.Build.0 = Release|x64
		{BEC0CD2F-60CD-40E2-A89B-AB10E902F1D5}.Release Singlethreaded|Win32.ActiveCfg = Release|Win32
		{BEC0CD2F-60CD-40E2-A89B-AB10E902F1D5}.Release Singlethreaded|Win32.Build.0 = Release|Win32
		{BEC0CD2F-60CD-40E2-A89B-AB10E902F1D5}.Release Singlethreaded|x64.ActiveCfg = Release|x64
		{BEC0CD2F-60CD-40E2-A89B-AB10E902F1D5}.Release Singlethreaded|x64.Build.0 = Release|x64
		{BEC0CD2F-60CD-40E2-A89B-AB10E902F1D5}.Release_Unicode|Win32.ActiveCfg = Release_Unicode|Win32
		{BEC0CD2F-60CD-40E2-A89B-AB10E902F1D5}.Release_Unicode|Win32.Build.0 = Release_Unicode|Win32
		{BEC0CD2F-60CD-40E2-A89B-AB10E902F1D5}.Release_Unicode|x64.ActiveCfg = Release_Unicode|x64
		{BEC0CD2F-60CD-40E2-A89B-AB10E902F1D5}.Release_Unicode|x64.Build.0 = Release_Unicode|x64
		{BEC0CD2F-60CD-40E2-A89B-AB10E902F1D5}.Release|Win32.ActiveCfg = Release|Win32
		{BEC0CD2F-60CD-40E2-A89B-AB10E902F1D5}.Release|Win32.Build.0 = Release|Win32
		{BEC0CD2F-60CD-40E2-A89B-AB10E902F1D5}.Release|x64.ActiveCfg = Release|x64
		{BEC0CD2F-60CD-40E2-A89B-AB10E902F1D5}.Release|x64.Build.0 = Release|x64
	EndGlobalSection
	GlobalSection(SolutionProperties) = preSolution
		HideSolutionNode = FALSE
	EndGlobalSection
	GlobalSection(ExtensibilityGlobals) = postSolution
		SolutionGuid = {27EC78A0-CC49-430B-B24E-B401D0977307}
	EndGlobalSection
EndGlobal
