<?xml version="1.0" encoding="utf-8"?>
<Project ToolsVersion="4.0" xmlns="http://schemas.microsoft.com/developer/msbuild/2003">
  <ItemGroup>
    <Filter Include="Source Files">
      <UniqueIdentifier>{4FC737F1-C7A5-4376-A066-2A32D752A2FF}</UniqueIdentifier>
      <Extensions>cpp;c;cc;cxx;def;odl;idl;hpj;bat;asm;asmx</Extensions>
    </Filter>
    <Filter Include="Header Files">
      <UniqueIdentifier>{93995380-89BD-4b04-88EB-625FBE52EBFB}</UniqueIdentifier>
      <Extensions>h;hpp;hxx;hm;inl;inc;xsd</Extensions>
    </Filter>
    <Filter Include="Resource Files">
      <UniqueIdentifier>{67DA6AB6-F800-4c08-8B7A-83BB121AAD01}</UniqueIdentifier>
      <Extensions>rc;ico;cur;bmp;dlg;rc2;rct;bin;rgs;gif;jpg;jpeg;jpe;resx;tiff;tif;png;wav</Extensions>
    </Filter>
  </ItemGroup>
  <ItemGroup>
    <ClCompile Include="ControlSpace3d.cpp">
      <Filter>Source Files</Filter>
    </ClCompile>
    <ClCompile Include="ControlSpace3dAdaptive.cpp">
      <Filter>Source Files</Filter>
    </ClCompile>
    <ClCompile Include="ControlSpace3dAnalytic.cpp">
      <Filter>Source Files</Filter>
    </ClCompile>
    <ClCompile Include="ControlSpace3dMatrixUniform.cpp">
      <Filter>Source Files</Filter>
    </ClCompile>
    <ClCompile Include="ControlSpace3dOctree.cpp">
      <Filter>Source Files</Filter>
    </ClCompile>
    <ClCompile Include="Curve3dParametric.cpp">
      <Filter>Source Files</Filter>
    </ClCompile>
    <ClCompile Include="Curve3dSegment.cpp">
      <Filter>Source Files</Filter>
    </ClCompile>
    <ClCompile Include="DataStatistics.cpp">
      <Filter>Source Files</Filter>
    </ClCompile>
    <ClCompile Include="DEquation.cpp">
      <Filter>Source Files</Filter>
    </ClCompile>
    <ClCompile Include="DHesjan.cpp">
      <Filter>Source Files</Filter>
    </ClCompile>
    <ClCompile Include="DLeastSquaresFitting.cpp">
      <Filter>Source Files</Filter>
    </ClCompile>
    <ClCompile Include="DLine.cpp">
      <Filter>Source Files</Filter>
    </ClCompile>
    <ClCompile Include="DMatrix.cpp">
      <Filter>Source Files</Filter>
    </ClCompile>
    <ClCompile Include="DMetric3d.cpp">
      <Filter>Source Files</Filter>
    </ClCompile>
    <ClCompile Include="DPoint.cpp">
      <Filter>Source Files</Filter>
    </ClCompile>
    <ClCompile Include="DQuad.cpp">
      <Filter>Source Files</Filter>
    </ClCompile>
    <ClCompile Include="DQuadric.cpp">
      <Filter>Source Files</Filter>
    </ClCompile>
    <ClCompile Include="DRect.cpp">
      <Filter>Source Files</Filter>
    </ClCompile>
    <ClCompile Include="DSegment.cpp">
      <Filter>Source Files</Filter>
    </ClCompile>
    <ClCompile Include="DTetrahedron.cpp">
      <Filter>Source Files</Filter>
    </ClCompile>
    <ClCompile Include="DTriangle.cpp">
      <Filter>Source Files</Filter>
    </ClCompile>
    <ClCompile Include="DVector.cpp">
      <Filter>Source Files</Filter>
    </ClCompile>
    <ClCompile Include="EPSFile.cpp">
      <Filter>Source Files</Filter>
    </ClCompile>
    <ClCompile Include="FrontEdge.cpp">
      <Filter>Source Files</Filter>
    </ClCompile>
    <ClCompile Include="FrontFace.cpp">
      <Filter>Source Files</Filter>
    </ClCompile>
    <ClCompile Include="FrontLines.cpp">
      <Filter>Source Files</Filter>
    </ClCompile>
    <ClCompile Include="GeometricPredicates.cpp">
      <Filter>Source Files</Filter>
    </ClCompile>
    <ClCompile Include="IteratorEdge2d.cpp">
      <Filter>Source Files</Filter>
    </ClCompile>
    <ClCompile Include="IteratorEdge3d.cpp">
      <Filter>Source Files</Filter>
    </ClCompile>
    <ClCompile Include="IteratorFace.cpp">
      <Filter>Source Files</Filter>
    </ClCompile>
    <ClCompile Include="IteratorMesh2d.cpp">
      <Filter>Source Files</Filter>
    </ClCompile>
    <ClCompile Include="IteratorMesh3d.cpp">
      <Filter>Source Files</Filter>
    </ClCompile>
    <ClCompile Include="MeshArea.cpp">
      <Filter>Source Files</Filter>
    </ClCompile>
    <ClCompile Include="MeshBlock.cpp">
      <Filter>Source Files</Filter>
    </ClCompile>
    <ClCompile Include="MeshBRep.cpp">
      <Filter>Source Files</Filter>
    </ClCompile>
    <ClCompile Include="MeshBRepRSurf.cpp">
      <Filter>Source Files</Filter>
    </ClCompile>
    <ClCompile Include="MeshBRepXML.cpp">
      <Filter>Source Files</Filter>
    </ClCompile>
    <ClCompile Include="MeshContainer2d.cpp">
      <Filter>Source Files</Filter>
    </ClCompile>
    <ClCompile Include="MeshContainer3d.cpp">
      <Filter>Source Files</Filter>
    </ClCompile>
    <ClCompile Include="MeshData.cpp">
      <Filter>Source Files</Filter>
    </ClCompile>
    <ClCompile Include="MeshDecompositionUTC.cpp">
      <Filter>Source Files</Filter>
    </ClCompile>
    <ClCompile Include="MeshDomainEdge3d.cpp">
      <Filter>Source Files</Filter>
    </ClCompile>
    <ClCompile Include="MeshDomainSurface.cpp">
      <Filter>Source Files</Filter>
    </ClCompile>
    <ClCompile Include="MeshDomainVolume.cpp">
      <Filter>Source Files</Filter>
    </ClCompile>
    <ClCompile Include="MeshEdge3d.cpp">
      <Filter>Source Files</Filter>
    </ClCompile>
    <ClCompile Include="MeshElement.cpp">
      <Filter>Source Files</Filter>
    </ClCompile>
    <ClCompile Include="MeshFace.cpp">
      <Filter>Source Files</Filter>
    </ClCompile>
    <ClCompile Include="MeshGenerator1d.cpp">
      <Filter>Source Files</Filter>
    </ClCompile>
    <ClCompile Include="MeshGenerator2d.cpp">
      <Filter>Source Files</Filter>
    </ClCompile>
    <ClCompile Include="MeshGenerator2dQMorph.cpp">
      <Filter>Source Files</Filter>
    </ClCompile>
    <ClCompile Include="MeshGenerator2dQuad.cpp">
      <Filter>Source Files</Filter>
    </ClCompile>
    <ClCompile Include="MeshGenerator3d.cpp">
      <Filter>Source Files</Filter>
    </ClCompile>
    <ClCompile Include="MeshGenerator3dDelaunayBoundary.cpp">
      <Filter>Source Files</Filter>
    </ClCompile>
    <ClCompile Include="MeshGenerator3dDirectBoundary.cpp">
      <Filter>Source Files</Filter>
    </ClCompile>
    <ClCompile Include="MeshGenerator3dQuality.cpp">
      <Filter>Source Files</Filter>
    </ClCompile>
    <ClCompile Include="MeshGrain.cpp">
      <Filter>Source Files</Filter>
    </ClCompile>
    <ClCompile Include="MeshLog.cpp">
      <Filter>Source Files</Filter>
    </ClCompile>
    <ClCompile Include="MeshModel.cpp">
      <Filter>Source Files</Filter>
    </ClCompile>
    <ClCompile Include="MeshPoint3d.cpp">
      <Filter>Source Files</Filter>
    </ClCompile>
    <ClCompile Include="MeshQuad3d.cpp">
      <Filter>Source Files</Filter>
    </ClCompile>
    <ClCompile Include="MeshSpecialRoutinesDAT.cpp">
      <Filter>Source Files</Filter>
    </ClCompile>
    <ClCompile Include="MeshSpecialRoutinesPaszynski.cpp">
      <Filter>Source Files</Filter>
    </ClCompile>
    <ClCompile Include="MeshTetrahedron.cpp">
      <Filter>Source Files</Filter>
    </ClCompile>
    <ClCompile Include="MeshTriangle3d.cpp">
      <Filter>Source Files</Filter>
    </ClCompile>
    <ClCompile Include="MeshViewSet.cpp">
      <Filter>Source Files</Filter>
    </ClCompile>
    <ClCompile Include="Metric3dContext.cpp">
      <Filter>Source Files</Filter>
    </ClCompile>
    <ClCompile Include="nrutil.cpp">
      <Filter>Source Files</Filter>
    </ClCompile>
    <ClCompile Include="OctTree.cpp">
      <Filter>Source Files</Filter>
    </ClCompile>
    <ClCompile Include="Quad12.cpp">
      <Filter>Source Files</Filter>
    </ClCompile>
    <ClCompile Include="QuadTree.cpp">
      <Filter>Source Files</Filter>
    </ClCompile>
    <ClCompile Include="StatisticCounter.cpp">
      <Filter>Source Files</Filter>
    </ClCompile>
    <ClCompile Include="SurfaceAnalytic.cpp">
      <Filter>Source Files</Filter>
    </ClCompile>
    <ClCompile Include="SurfaceBSplineCylindrical.cpp">
      <Filter>Source Files</Filter>
    </ClCompile>
    <ClCompile Include="SurfaceBSplinePlanar.cpp">
      <Filter>Source Files</Filter>
    </ClCompile>
    <ClCompile Include="SurfaceCorrected.cpp">
      <Filter>Source Files</Filter>
    </ClCompile>
    <ClCompile Include="SurfaceCylinder.cpp">
      <Filter>Source Files</Filter>
    </ClCompile>
    <ClCompile Include="SurfaceMonoAnalytic.cpp">
      <Filter>Source Files</Filter>
    </ClCompile>
    <ClCompile Include="SurfaceMulti.cpp">
      <Filter>Source Files</Filter>
    </ClCompile>
    <ClCompile Include="SurfaceParametric.cpp">
      <Filter>Source Files</Filter>
    </ClCompile>
    <ClCompile Include="SurfacePlane.cpp">
      <Filter>Source Files</Filter>
    </ClCompile>
    <ClCompile Include="tinystr.cpp">
      <Filter>Source Files</Filter>
    </ClCompile>
    <ClCompile Include="tinyxml.cpp">
      <Filter>Source Files</Filter>
    </ClCompile>
    <ClCompile Include="tinyxmlerror.cpp">
      <Filter>Source Files</Filter>
    </ClCompile>
    <ClCompile Include="tinyxmlparser.cpp">
      <Filter>Source Files</Filter>
    </ClCompile>
    <ClCompile Include="ControlSpace3dInternal.cpp">
      <Filter>Source Files</Filter>
    </ClCompile>
    <ClCompile Include="MeshGenerator3dAdapt.cpp">
      <Filter>Source Files</Filter>
    </ClCompile>
    <ClCompile Include="MeshContainer3dSurface.cpp">
      <Filter>Source Files</Filter>
    </ClCompile>
    <ClCompile Include="MeshSpecialRoutinesUTC.cpp">
      <Filter>Source Files</Filter>
    </ClCompile>
    <ClCompile Include="MeshSplit3d.cpp">
      <Filter>Source Files</Filter>
    </ClCompile>
    <ClCompile Include="MeshGenerator3dSurface.cpp">
      <Filter>Source Files</Filter>
    </ClCompile>
    <ClCompile Include="DPlanarQuadric.cpp">
      <Filter>Source Files</Filter>
    </ClCompile>
    <ClCompile Include="DPlane.cpp">
      <Filter>Source Files</Filter>
    </ClCompile>
    <ClCompile Include="SurfacePlanarQuadric.cpp">
      <Filter>Source Files</Filter>
    </ClCompile>
    <ClCompile Include="Curve3dSurfaceParametric.cpp">
      <Filter>Source Files</Filter>
    </ClCompile>
    <ClCompile Include="SurfaceDomainHull.cpp">
      <Filter>Source Files</Filter>
    </ClCompile>
    <ClCompile Include="Curve3dBSpline.cpp">
      <Filter>Source Files</Filter>
    </ClCompile>
    <ClCompile Include="MeshPoly3d.cpp">
      <Filter>Source Files</Filter>
    </ClCompile>
    <ClCompile Include="DOrientedBox.cpp">
      <Filter>Source Files</Filter>
    </ClCompile>
    <ClCompile Include="SurfaceDomainFaces.cpp">
      <Filter>Source Files</Filter>
    </ClCompile>
    <ClCompile Include="SurfaceDomain.cpp">
      <Filter>Source Files</Filter>
    </ClCompile>
    <ClCompile Include="SurfaceDomainFacesPlanar.cpp">
      <Filter>Source Files</Filter>
    </ClCompile>
    <ClCompile Include="MarchingCubes.cpp">
      <Filter>Source Files</Filter>
    </ClCompile>
    <ClCompile Include="ModelMultiSphere.cpp">
      <Filter>Source Files</Filter>
    </ClCompile>
    <ClCompile Include="DSphere.cpp">
      <Filter>Source Files</Filter>
    </ClCompile>
    <ClCompile Include="DLinearQuadric.cpp">
      <Filter>Source Files</Filter>
    </ClCompile>
    <ClCompile Include="Curve3dLinearQuadric.cpp">
      <Filter>Source Files</Filter>
    </ClCompile>
    <ClCompile Include="SurfaceQuadricQTree.cpp">
      <Filter>Source Files</Filter>
    </ClCompile>
    <ClCompile Include="SurfaceSphere.cpp">
      <Filter>Source Files</Filter>
    </ClCompile>
    <ClCompile Include="ControlSpace3dKdTreeV.cpp">
      <Filter>Source Files</Filter>
    </ClCompile>
    <ClCompile Include="ControlSpace3dKdTreeL.cpp">
      <Filter>Source Files</Filter>
    </ClCompile>
    <ClCompile Include="DataKdSplit3dContField.cpp">
      <Filter>Source Files</Filter>
    </ClCompile>
    <ClCompile Include="DataKdSplit2dContField.cpp">
      <Filter>Source Files</Filter>
    </ClCompile>
    <ClCompile Include="DataKdSplit3d.cpp">
      <Filter>Source Files</Filter>
    </ClCompile>
    <ClCompile Include="DataKdSplit2d.cpp">
      <Filter>Source Files</Filter>
    </ClCompile>
    <ClCompile Include="DataKdSplit3dSingleSource.cpp">
      <Filter>Source Files</Filter>
    </ClCompile>
    <ClCompile Include="DataKdSplit2dSingleSource.cpp">
      <Filter>Source Files</Filter>
    </ClCompile>
    <ClCompile Include="ControlSpace3dKdTree.cpp">
      <Filter>Source Files</Filter>
    </ClCompile>
    <ClCompile Include="ControlSpace3dOctreeL.cpp">
      <Filter>Source Files</Filter>
    </ClCompile>
    <ClCompile Include="ControlSpace3dOctreeV.cpp">
      <Filter>Source Files</Filter>
    </ClCompile>
    <ClCompile Include="ControlSpace3dOctreeLB.cpp">
      <Filter>Source Files</Filter>
    </ClCompile>
    <ClCompile Include="ControlSpace3dKdTreeLi.cpp">
      <Filter>Source Files</Filter>
    </ClCompile>
    <ClCompile Include="ControlSpace2d.cpp">
      <Filter>Source Files</Filter>
    </ClCompile>
    <ClCompile Include="ControlSpace2dAdaptive.cpp">
      <Filter>Source Files</Filter>
    </ClCompile>
    <ClCompile Include="ControlSpace2dAnalytic.cpp">
      <Filter>Source Files</Filter>
    </ClCompile>
    <ClCompile Include="ControlSpace2dKdTreeL.cpp">
      <Filter>Source Files</Filter>
    </ClCompile>
    <ClCompile Include="ControlSpace2dMatrixUniform.cpp">
      <Filter>Source Files</Filter>
    </ClCompile>
    <ClCompile Include="ControlSpace2dKdTreeV.cpp">
      <Filter>Source Files</Filter>
    </ClCompile>
    <ClCompile Include="ControlSpace2dMesh.cpp">
      <Filter>Source Files</Filter>
    </ClCompile>
    <ClCompile Include="ControlSpace2dQuadTree.cpp">
      <Filter>Source Files</Filter>
    </ClCompile>
    <ClCompile Include="Curve2dAnalytic.cpp">
      <Filter>Source Files</Filter>
    </ClCompile>
    <ClCompile Include="Curve2dBSpline.cpp">
      <Filter>Source Files</Filter>
    </ClCompile>
    <ClCompile Include="Curve2dCircle.cpp">
      <Filter>Source Files</Filter>
    </ClCompile>
    <ClCompile Include="Curve2dLinearQuadric.cpp">
      <Filter>Source Files</Filter>
    </ClCompile>
    <ClCompile Include="Curve2dParametric.cpp">
      <Filter>Source Files</Filter>
    </ClCompile>
    <ClCompile Include="Curve2dSegment.cpp">
      <Filter>Source Files</Filter>
    </ClCompile>
    <ClCompile Include="DMetric2d.cpp">
      <Filter>Source Files</Filter>
    </ClCompile>
    <ClCompile Include="MeshEdge2d.cpp">
      <Filter>Source Files</Filter>
    </ClCompile>
    <ClCompile Include="MeshEdge2dCurve.cpp">
      <Filter>Source Files</Filter>
    </ClCompile>
    <ClCompile Include="MeshPoint2d.cpp">
      <Filter>Source Files</Filter>
    </ClCompile>
    <ClCompile Include="MeshQuad2d.cpp">
      <Filter>Source Files</Filter>
    </ClCompile>
    <ClCompile Include="MeshTriangle2d.cpp">
      <Filter>Source Files</Filter>
    </ClCompile>
    <ClCompile Include="Metric2dContext.cpp">
      <Filter>Source Files</Filter>
    </ClCompile>
  </ItemGroup>
  <ItemGroup>
    <ClInclude Include="common.h">
      <Filter>Header Files</Filter>
    </ClInclude>
    <ClInclude Include="ControlSpace3d.h">
      <Filter>Header Files</Filter>
    </ClInclude>
    <ClInclude Include="ControlSpace3dAdaptive.h">
      <Filter>Header Files</Filter>
    </ClInclude>
    <ClInclude Include="ControlSpace3dAnalytic.h">
      <Filter>Header Files</Filter>
    </ClInclude>
    <ClInclude Include="ControlSpace3dMatrixUniform.h">
      <Filter>Header Files</Filter>
    </ClInclude>
    <ClInclude Include="ControlSpace3dOctree.h">
      <Filter>Header Files</Filter>
    </ClInclude>
    <ClInclude Include="Curve3dParametric.h">
      <Filter>Header Files</Filter>
    </ClInclude>
    <ClInclude Include="Curve3dSegment.h">
      <Filter>Header Files</Filter>
    </ClInclude>
    <ClInclude Include="DataContainer.h">
      <Filter>Header Files</Filter>
    </ClInclude>
    <ClInclude Include="DataHashTable.h">
      <Filter>Header Files</Filter>
    </ClInclude>
    <ClInclude Include="DataHeapVector.h">
      <Filter>Header Files</Filter>
    </ClInclude>
    <ClInclude Include="DataList.h">
      <Filter>Header Files</Filter>
    </ClInclude>
    <ClInclude Include="DataMatrix.h">
      <Filter>Header Files</Filter>
    </ClInclude>
    <ClInclude Include="DataPtrMatrix.h">
      <Filter>Header Files</Filter>
    </ClInclude>
    <ClInclude Include="DataStatistics.h">
      <Filter>Header Files</Filter>
    </ClInclude>
    <ClInclude Include="DataVector.h">
      <Filter>Header Files</Filter>
    </ClInclude>
    <ClInclude Include="DEquation.h">
      <Filter>Header Files</Filter>
    </ClInclude>
    <ClInclude Include="DHesjan.h">
      <Filter>Header Files</Filter>
    </ClInclude>
    <ClInclude Include="DLeastSquaresFitting.h">
      <Filter>Header Files</Filter>
    </ClInclude>
    <ClInclude Include="DLine.h">
      <Filter>Header Files</Filter>
    </ClInclude>
    <ClInclude Include="DMatrix.h">
      <Filter>Header Files</Filter>
    </ClInclude>
    <ClInclude Include="DMatrixN.h">
      <Filter>Header Files</Filter>
    </ClInclude>
    <ClInclude Include="DMetric3d.h">
      <Filter>Header Files</Filter>
    </ClInclude>
    <ClInclude Include="DPoint.h">
      <Filter>Header Files</Filter>
    </ClInclude>
    <ClInclude Include="DQuad.h">
      <Filter>Header Files</Filter>
    </ClInclude>
    <ClInclude Include="DQuadric.h">
      <Filter>Header Files</Filter>
    </ClInclude>
    <ClInclude Include="DRect.h">
      <Filter>Header Files</Filter>
    </ClInclude>
    <ClInclude Include="DSegment.h">
      <Filter>Header Files</Filter>
    </ClInclude>
    <ClInclude Include="DTetrahedron.h">
      <Filter>Header Files</Filter>
    </ClInclude>
    <ClInclude Include="DTriangle.h">
      <Filter>Header Files</Filter>
    </ClInclude>
    <ClInclude Include="DVector.h">
      <Filter>Header Files</Filter>
    </ClInclude>
    <ClInclude Include="DVectorN.h">
      <Filter>Header Files</Filter>
    </ClInclude>
    <ClInclude Include="EPSFile.h">
      <Filter>Header Files</Filter>
    </ClInclude>
    <ClInclude Include="FrontEdge.h">
      <Filter>Header Files</Filter>
    </ClInclude>
    <ClInclude Include="FrontFace.h">
      <Filter>Header Files</Filter>
    </ClInclude>
    <ClInclude Include="FrontLines.h">
      <Filter>Header Files</Filter>
    </ClInclude>
    <ClInclude Include="GeometricPredicates.h">
      <Filter>Header Files</Filter>
    </ClInclude>
    <ClInclude Include="IteratorEdge2d.h">
      <Filter>Header Files</Filter>
    </ClInclude>
    <ClInclude Include="IteratorEdge3d.h">
      <Filter>Header Files</Filter>
    </ClInclude>
    <ClInclude Include="IteratorFace.h">
      <Filter>Header Files</Filter>
    </ClInclude>
    <ClInclude Include="IteratorMesh2d.h">
      <Filter>Header Files</Filter>
    </ClInclude>
    <ClInclude Include="IteratorMesh3d.h">
      <Filter>Header Files</Filter>
    </ClInclude>
    <ClInclude Include="MeshArea.h">
      <Filter>Header Files</Filter>
    </ClInclude>
    <ClInclude Include="MeshBlock.h">
      <Filter>Header Files</Filter>
    </ClInclude>
    <ClInclude Include="MeshBoundaryCondition.h">
      <Filter>Header Files</Filter>
    </ClInclude>
    <ClInclude Include="MeshBRep.h">
      <Filter>Header Files</Filter>
    </ClInclude>
    <ClInclude Include="MeshBRepRSurf.h">
      <Filter>Header Files</Filter>
    </ClInclude>
    <ClInclude Include="MeshBRepXML.h">
      <Filter>Header Files</Filter>
    </ClInclude>
    <ClInclude Include="MeshContainer2d.h">
      <Filter>Header Files</Filter>
    </ClInclude>
    <ClInclude Include="MeshContainer3d.h">
      <Filter>Header Files</Filter>
    </ClInclude>
    <ClInclude Include="MeshData.h">
      <Filter>Header Files</Filter>
    </ClInclude>
    <ClInclude Include="MeshDecompositionUTC.h">
      <Filter>Header Files</Filter>
    </ClInclude>
    <ClInclude Include="MeshDomainEdge3d.h">
      <Filter>Header Files</Filter>
    </ClInclude>
    <ClInclude Include="MeshDomainSurface.h">
      <Filter>Header Files</Filter>
    </ClInclude>
    <ClInclude Include="MeshDomainVolume.h">
      <Filter>Header Files</Filter>
    </ClInclude>
    <ClInclude Include="MeshEdge3d.h">
      <Filter>Header Files</Filter>
    </ClInclude>
    <ClInclude Include="MeshElement.h">
      <Filter>Header Files</Filter>
    </ClInclude>
    <ClInclude Include="MeshFace.h">
      <Filter>Header Files</Filter>
    </ClInclude>
    <ClInclude Include="MeshGenerator1d.h">
      <Filter>Header Files</Filter>
    </ClInclude>
    <ClInclude Include="MeshGenerator2d.h">
      <Filter>Header Files</Filter>
    </ClInclude>
    <ClInclude Include="MeshGenerator2dQMorph.h">
      <Filter>Header Files</Filter>
    </ClInclude>
    <ClInclude Include="MeshGenerator2dQuad.h">
      <Filter>Header Files</Filter>
    </ClInclude>
    <ClInclude Include="MeshGenerator3d.h">
      <Filter>Header Files</Filter>
    </ClInclude>
    <ClInclude Include="MeshGenerator3dDelaunayBoundary.h">
      <Filter>Header Files</Filter>
    </ClInclude>
    <ClInclude Include="MeshGenerator3dDirectBoundary.h">
      <Filter>Header Files</Filter>
    </ClInclude>
    <ClInclude Include="MeshGenerator3dQuality.h">
      <Filter>Header Files</Filter>
    </ClInclude>
    <ClInclude Include="MeshGrain.h">
      <Filter>Header Files</Filter>
    </ClInclude>
    <ClInclude Include="MeshLog.h">
      <Filter>Header Files</Filter>
    </ClInclude>
    <ClInclude Include="MeshModel.h">
      <Filter>Header Files</Filter>
    </ClInclude>
    <ClInclude Include="MeshPoint3d.h">
      <Filter>Header Files</Filter>
    </ClInclude>
    <ClInclude Include="MeshQuad3d.h">
      <Filter>Header Files</Filter>
    </ClInclude>
    <ClInclude Include="MeshSpecialRoutinesDAT.h">
      <Filter>Header Files</Filter>
    </ClInclude>
    <ClInclude Include="MeshSpecialRoutinesPaszynski.h">
      <Filter>Header Files</Filter>
    </ClInclude>
    <ClInclude Include="MeshTetrahedron.h">
      <Filter>Header Files</Filter>
    </ClInclude>
    <ClInclude Include="MeshTriangle3d.h">
      <Filter>Header Files</Filter>
    </ClInclude>
    <ClInclude Include="MeshViewSet.h">
      <Filter>Header Files</Filter>
    </ClInclude>
    <ClInclude Include="Metric3dContext.h">
      <Filter>Header Files</Filter>
    </ClInclude>
    <ClInclude Include="nrutil.h">
      <Filter>Header Files</Filter>
    </ClInclude>
    <ClInclude Include="OctTree.h">
      <Filter>Header Files</Filter>
    </ClInclude>
    <ClInclude Include="Quad12.h">
      <Filter>Header Files</Filter>
    </ClInclude>
    <ClInclude Include="QuadTree.h">
      <Filter>Header Files</Filter>
    </ClInclude>
    <ClInclude Include="ReparameterizationData.h">
      <Filter>Header Files</Filter>
    </ClInclude>
    <ClInclude Include="StatisticCounter.h">
      <Filter>Header Files</Filter>
    </ClInclude>
    <ClInclude Include="SurfaceAnalytic.h">
      <Filter>Header Files</Filter>
    </ClInclude>
    <ClInclude Include="SurfaceBSplineCylindrical.h">
      <Filter>Header Files</Filter>
    </ClInclude>
    <ClInclude Include="SurfaceBSplinePlanar.h">
      <Filter>Header Files</Filter>
    </ClInclude>
    <ClInclude Include="SurfaceCorrected.h">
      <Filter>Header Files</Filter>
    </ClInclude>
    <ClInclude Include="SurfaceCylinder.h">
      <Filter>Header Files</Filter>
    </ClInclude>
    <ClInclude Include="SurfaceMonoAnalytic.h">
      <Filter>Header Files</Filter>
    </ClInclude>
    <ClInclude Include="SurfaceMulti.h">
      <Filter>Header Files</Filter>
    </ClInclude>
    <ClInclude Include="SurfaceParametric.h">
      <Filter>Header Files</Filter>
    </ClInclude>
    <ClInclude Include="SurfacePlane.h">
      <Filter>Header Files</Filter>
    </ClInclude>
    <ClInclude Include="SurfaceTranslated.h">
      <Filter>Header Files</Filter>
    </ClInclude>
    <ClInclude Include="TagExtended.h">
      <Filter>Header Files</Filter>
    </ClInclude>
    <ClInclude Include="tinystr.h">
      <Filter>Header Files</Filter>
    </ClInclude>
    <ClInclude Include="tinyxml.h">
      <Filter>Header Files</Filter>
    </ClInclude>
    <ClInclude Include="MeshGenerator3dAdapt.h">
      <Filter>Header Files</Filter>
    </ClInclude>
    <ClInclude Include="MeshContainer3dSurface.h">
      <Filter>Header Files</Filter>
    </ClInclude>
    <ClInclude Include="MeshSpecialRoutinesUTC.h">
      <Filter>Header Files</Filter>
    </ClInclude>
    <ClInclude Include="ControlSpace3dInternal.h">
      <Filter>Header Files</Filter>
    </ClInclude>
    <ClInclude Include="MeshSplit3d.h">
      <Filter>Header Files</Filter>
    </ClInclude>
    <ClInclude Include="MeshGenerator3dSurface.h">
      <Filter>Header Files</Filter>
    </ClInclude>
    <ClInclude Include="DPlanarQuadric.h">
      <Filter>Header Files</Filter>
    </ClInclude>
    <ClInclude Include="DPlane.h">
      <Filter>Header Files</Filter>
    </ClInclude>
    <ClInclude Include="SurfacePlanarQuadric.h">
      <Filter>Header Files</Filter>
    </ClInclude>
    <ClInclude Include="Curve3dSurfaceParametric.h">
      <Filter>Header Files</Filter>
    </ClInclude>
    <ClInclude Include="SurfaceDomainHull.h">
      <Filter>Header Files</Filter>
    </ClInclude>
    <ClInclude Include="Curve3dBSpline.h">
      <Filter>Header Files</Filter>
    </ClInclude>
    <ClInclude Include="SurfaceDomain.h">
      <Filter>Header Files</Filter>
    </ClInclude>
    <ClInclude Include="MeshPoly3d.h">
      <Filter>Header Files</Filter>
    </ClInclude>
    <ClInclude Include="DOrientedBox.h">
      <Filter>Header Files</Filter>
    </ClInclude>
    <ClInclude Include="SurfaceDomainFaces.h">
      <Filter>Header Files</Filter>
    </ClInclude>
    <ClInclude Include="SurfaceDomainFacesPlanar.h">
      <Filter>Header Files</Filter>
    </ClInclude>
    <ClInclude Include="MarchingCubes.h">
      <Filter>Header Files</Filter>
    </ClInclude>
    <ClInclude Include="ModelMultiSphere.h">
      <Filter>Header Files</Filter>
    </ClInclude>
    <ClInclude Include="DSphere.h">
      <Filter>Header Files</Filter>
    </ClInclude>
    <ClInclude Include="DLinearQuadric.h">
      <Filter>Header Files</Filter>
    </ClInclude>
    <ClInclude Include="Curve3dLinearQuadric.h">
      <Filter>Header Files</Filter>
    </ClInclude>
    <ClInclude Include="DataQuadTree.h">
      <Filter>Header Files</Filter>
    </ClInclude>
    <ClInclude Include="SurfaceQuadricQTree.h">
      <Filter>Header Files</Filter>
    </ClInclude>
    <ClInclude Include="SurfaceSphere.h">
      <Filter>Header Files</Filter>
    </ClInclude>
    <ClInclude Include="SurfaceCurvature.h">
      <Filter>Header Files</Filter>
    </ClInclude>
    <ClInclude Include="DataKdTree.h">
      <Filter>Header Files</Filter>
    </ClInclude>
    <ClInclude Include="DataOctree.h">
      <Filter>Header Files</Filter>
    </ClInclude>
    <ClInclude Include="ControlSpace3dKdTree.h">
      <Filter>Header Files</Filter>
    </ClInclude>
    <ClInclude Include="ControlSpace3dKdTreeL.h">
      <Filter>Header Files</Filter>
    </ClInclude>
    <ClInclude Include="ControlSpace3dKdTreeV.h">
      <Filter>Header Files</Filter>
    </ClInclude>
    <ClInclude Include="TagBorder.h">
      <Filter>Header Files</Filter>
    </ClInclude>
    <ClInclude Include="DataKdSplit3dContField.h">
      <Filter>Header Files</Filter>
    </ClInclude>
    <ClInclude Include="DataKdSplit2dContField.h">
      <Filter>Header Files</Filter>
    </ClInclude>
    <ClInclude Include="DataKdSplit3d.h">
      <Filter>Header Files</Filter>
    </ClInclude>
    <ClInclude Include="DataKdSplit3dDiscField.h">
      <Filter>Header Files</Filter>
    </ClInclude>
    <ClInclude Include="DataKdSplit2d.h">
      <Filter>Header Files</Filter>
    </ClInclude>
    <ClInclude Include="DataKdSplit2dDiscField.h">
      <Filter>Header Files</Filter>
    </ClInclude>
    <ClInclude Include="DataKdSplit3dSingleSource.h">
      <Filter>Header Files</Filter>
    </ClInclude>
    <ClInclude Include="DataKdSplit2dSingleSource.h">
      <Filter>Header Files</Filter>
    </ClInclude>
    <ClInclude Include="ControlSpace3dOctreeL.h">
      <Filter>Header Files</Filter>
    </ClInclude>
    <ClInclude Include="ControlSpace3dOctreeV.h">
      <Filter>Header Files</Filter>
    </ClInclude>
    <ClInclude Include="ControlSpace3dOctreeLB.h">
      <Filter>Header Files</Filter>
    </ClInclude>
    <ClInclude Include="ControlSpace3dKdTreeLi.h">
      <Filter>Header Files</Filter>
    </ClInclude>
    <ClInclude Include="ControlSpace2d.h">
      <Filter>Header Files</Filter>
    </ClInclude>
    <ClInclude Include="DMetric2d.h">
      <Filter>Header Files</Filter>
    </ClInclude>
    <ClInclude Include="MeshEdge2d.h">
      <Filter>Header Files</Filter>
    </ClInclude>
    <ClInclude Include="MeshPoint2d.h">
      <Filter>Header Files</Filter>
    </ClInclude>
    <ClInclude Include="Curve2dParametric.h">
      <Filter>Header Files</Filter>
    </ClInclude>
    <ClInclude Include="ControlSpace2dAdaptive.h">
      <Filter>Header Files</Filter>
    </ClInclude>
    <ClInclude Include="MeshEdge2dCurve.h">
      <Filter>Header Files</Filter>
    </ClInclude>
    <ClInclude Include="Metric2dContext.h">
      <Filter>Header Files</Filter>
    </ClInclude>
    <ClInclude Include="ControlSpace2dAnalytic.h">
      <Filter>Header Files</Filter>
    </ClInclude>
    <ClInclude Include="ControlSpace2dIdentity.h">
      <Filter>Header Files</Filter>
    </ClInclude>
    <ClInclude Include="ControlSpace2dKdTreeL.h">
      <Filter>Header Files</Filter>
    </ClInclude>
    <ClInclude Include="ControlSpace2dKdTreeV.h">
      <Filter>Header Files</Filter>
    </ClInclude>
    <ClInclude Include="ControlSpace2dMatrixUniform.h">
      <Filter>Header Files</Filter>
    </ClInclude>
    <ClInclude Include="ControlSpace2dMesh.h">
      <Filter>Header Files</Filter>
    </ClInclude>
    <ClInclude Include="ControlSpace2dProjected.h">
      <Filter>Header Files</Filter>
    </ClInclude>
    <ClInclude Include="ControlSpace2dQuadTree.h">
      <Filter>Header Files</Filter>
    </ClInclude>
    <ClInclude Include="Curve2dAnalytic.h">
      <Filter>Header Files</Filter>
    </ClInclude>
    <ClInclude Include="Curve2dBSpline.h">
      <Filter>Header Files</Filter>
    </ClInclude>
    <ClInclude Include="Curve2dCircle.h">
      <Filter>Header Files</Filter>
    </ClInclude>
    <ClInclude Include="Curve2dLinearQuadric.h">
      <Filter>Header Files</Filter>
    </ClInclude>
    <ClInclude Include="Curve2dSegment.h">
      <Filter>Header Files</Filter>
    </ClInclude>
    <ClInclude Include="MeshQuad2d.h">
      <Filter>Header Files</Filter>
    </ClInclude>
    <ClInclude Include="MeshTriangle2d.h">
      <Filter>Header Files</Filter>
    </ClInclude>
  </ItemGroup>
  <ItemGroup>
    <None Include="ClassDiagram.cd" />
    <None Include="ClassDiagram1.cd" />
  </ItemGroup>
</Project>